
Microsoft Visual Studio Solution File, Format Version 12.00
# Visual Studio Version 17
VisualStudioVersion = 17.0.31903.59
MinimumVisualStudioVersion = 10.0.40219.1
Project("{FAE04EC0-301F-11D3-BF4B-00C04F79EFBC}") = "API", "API\API.csproj", "{B86722FB-1A8C-4687-8A5B-525163E1BA7D}"
EndProject
Project("{FAE04EC0-301F-11D3-BF4B-00C04F79EFBC}") = "Infrastructure", "Infrastructure\Infrastructure.csproj", "{429D3342-C51E-4FAE-8961-C9CC9CBD0DE0}"
EndProject
Project("{FAE04EC0-301F-11D3-BF4B-00C04F79EFBC}") = "Core", "Core\Core.csproj", "{AF75CCC7-9CC2-4609-BCDB-29E7DE8A059A}"
EndProject
Global
	GlobalSection(SolutionConfigurationPlatforms) = preSolution
		Debug|Any CPU = Debug|Any CPU
		Release|Any CPU = Release|Any CPU
	EndGlobalSection
	GlobalSection(SolutionProperties) = preSolution
		HideSolutionNode = FALSE
	EndGlobalSection
	GlobalSection(ProjectConfigurationPlatforms) = postSolution
		{B86722FB-1A8C-4687-8A5B-525163E1BA7D}.Debug|Any CPU.ActiveCfg = Debug|Any CPU
		{B86722FB-1A8C-4687-8A5B-525163E1BA7D}.Debug|Any CPU.Build.0 = Debug|Any CPU
		{B86722FB-1A8C-4687-8A5B-525163E1BA7D}.Release|Any CPU.ActiveCfg = Release|Any CPU
		{B86722FB-1A8C-4687-8A5B-525163E1BA7D}.Release|Any CPU.Build.0 = Release|Any CPU
		{429D3342-C51E-4FAE-8961-C9CC9CBD0DE0}.Debug|Any CPU.ActiveCfg = Debug|Any CPU
		{429D3342-C51E-4FAE-8961-C9CC9CBD0DE0}.Debug|Any CPU.Build.0 = Debug|Any CPU
		{429D3342-C51E-4FAE-8961-C9CC9CBD0DE0}.Release|Any CPU.ActiveCfg = Release|Any CPU
		{429D3342-C51E-4FAE-8961-C9CC9CBD0DE0}.Release|Any CPU.Build.0 = Release|Any CPU
		{AF75CCC7-9CC2-4609-BCDB-29E7DE8A059A}.Debug|Any CPU.ActiveCfg = Debug|Any CPU
		{AF75CCC7-9CC2-4609-BCDB-29E7DE8A059A}.Debug|Any CPU.Build.0 = Debug|Any CPU
		{AF75CCC7-9CC2-4609-BCDB-29E7DE8A059A}.Release|Any CPU.ActiveCfg = Release|Any CPU
		{AF75CCC7-9CC2-4609-BCDB-29E7DE8A059A}.Release|Any CPU.Build.0 = Release|Any CPU
	EndGlobalSection
EndGlobal
